# generated by rye
# use `rye lock` or `rye sync` to update this lockfile
#
# last locked with the following flags:
#   pre: false
#   features: []
#   all-features: false
#   with-sources: false
#   generate-hashes: false
#   universal: false

-e file:.
colorama==0.4.6
    # via stutestpy
dataclasses-json==0.6.7
    # via stutestpy
markdown-it-py==3.0.0
    # via rich
marshmallow==3.22.0
    # via dataclasses-json
mdurl==0.1.2
    # via markdown-it-py
more-itertools==10.5.0
    # via stutestpy
mypy-extensions==1.0.0
    # via typing-inspect
packaging==24.1
    # via marshmallow
pygments==2.18.0
    # via rich
result==0.17.0
    # via stutestpy
rich==13.8.1
    # via stutestpy
typing-extensions==4.12.2
    # via typing-inspect
typing-inspect==0.9.0
    # via dataclasses-json
