# generated by rye
# use `rye lock` or `rye sync` to update this lockfile
#
# last locked with the following flags:
#   pre: false
#   features: []
#   all-features: false
#   with-sources: false
#   generate-hashes: false
#   universal: false

-e file:hwtools
-e file:stutestpy
annotated-types==0.7.0
    # via pydantic
brotli==1.1.0
    # via py7zr
cachetools==5.5.0
    # via premailer
certifi==2024.8.30
    # via requests
chardet==5.2.0
    # via hwtools
charset-normalizer==3.3.2
    # via requests
click==8.1.7
    # via typer
colorama==0.4.6
    # via click
    # via stutestpy
cssselect==1.2.0
    # via premailer
cssutils==2.11.1
    # via premailer
dataclasses-json==0.6.7
    # via stutestpy
et-xmlfile==1.1.0
    # via openpyxl
idna==3.10
    # via requests
inflate64==1.0.0
    # via py7zr
jinja2==3.1.4
    # via hwtools
lxml==5.3.0
    # via premailer
markdown==3.7
    # via hwtools
markdown-it-py==3.0.0
    # via rich
markupsafe==2.1.5
    # via jinja2
marshmallow==3.22.0
    # via dataclasses-json
mdurl==0.1.2
    # via markdown-it-py
more-itertools==10.5.0
    # via cssutils
    # via hwtools
    # via stutestpy
multivolumefile==0.2.3
    # via py7zr
mypy-extensions==1.0.0
    # via typing-inspect
numpy==2.1.1
    # via pandas
openpyxl==3.1.5
    # via hwtools
packaging==24.1
    # via marshmallow
pandas==2.2.2
    # via hwtools
premailer==3.10.0
    # via hwtools
psutil==6.0.0
    # via py7zr
py7zr==0.22.0
    # via hwtools
pybcj==1.0.2
    # via py7zr
pycryptodomex==3.20.0
    # via py7zr
pydantic==2.9.2
    # via pydantic-settings
pydantic-core==2.23.4
    # via pydantic
pydantic-settings==2.5.2
    # via hwtools
pygments==2.18.0
    # via rich
pyppmd==1.1.0
    # via py7zr
python-dateutil==2.9.0.post0
    # via pandas
python-dotenv==1.0.1
    # via pydantic-settings
pytz==2024.2
    # via pandas
pyzstd==0.16.1
    # via py7zr
rarfile==4.2
    # via hwtools
requests==2.32.3
    # via premailer
result==0.17.0
    # via stutestpy
rich==13.8.1
    # via hwtools
    # via stutestpy
    # via typer
shellingham==1.5.4
    # via typer
six==1.16.0
    # via python-dateutil
texttable==1.7.0
    # via py7zr
typer==0.12.5
    # via hwtools
typing-extensions==4.12.2
    # via pydantic
    # via pydantic-core
    # via typer
    # via typing-inspect
typing-inspect==0.9.0
    # via dataclasses-json
tzdata==2024.1
    # via pandas
urllib3==2.2.3
    # via requests
